// !$*UTF8*$!
{
	archiveVersion = 1;
	classes = {
	};
	objectVersion = 48;
	objects = {

/* Begin PBXBuildFile section */
		6213940F6F92FA92442CB06A /* Pods_papastamp.framework in Frameworks */ = {isa = PBXBuildFile; fileRef = 0D94EA5454BD80C82E4EB816 /* Pods_papastamp.framework */; };
		CB2E549C1FAC92EA00EDFCD0 /* GoogleService-Info.plist in Resources */ = {isa = PBXBuildFile; fileRef = CB2E549B1FAC92EA00EDFCD0 /* GoogleService-Info.plist */; };
		CB2E549E1FACE7A100EDFCD0 /* WebViewController.swift in Sources */ = {isa = PBXBuildFile; fileRef = CB2E549D1FACE7A100EDFCD0 /* WebViewController.swift */; };
		CBA035731FACF2BA0002861D /* UserDefaultsManager.swift in Sources */ = {isa = PBXBuildFile; fileRef = CBA035721FACF2BA0002861D /* UserDefaultsManager.swift */; };
		CBF133ED1FA8CDAF0060230F /* AppDelegate.swift in Sources */ = {isa = PBXBuildFile; fileRef = CBF133EC1FA8CDAF0060230F /* AppDelegate.swift */; };
		CBF133EF1FA8CDAF0060230F /* LoginViewController.swift in Sources */ = {isa = PBXBuildFile; fileRef = CBF133EE1FA8CDAF0060230F /* LoginViewController.swift */; };
		CBF133F21FA8CDAF0060230F /* Main.storyboard in Resources */ = {isa = PBXBuildFile; fileRef = CBF133F01FA8CDAF0060230F /* Main.storyboard */; };
		CBF133F41FA8CDAF0060230F /* Assets.xcassets in Resources */ = {isa = PBXBuildFile; fileRef = CBF133F31FA8CDAF0060230F /* Assets.xcassets */; };
		CBF133F71FA8CDAF0060230F /* LaunchScreen.storyboard in Resources */ = {isa = PBXBuildFile; fileRef = CBF133F51FA8CDAF0060230F /* LaunchScreen.storyboard */; };
		CBF3CB521FAD9C8700BCD276 /* TutorialViewController.swift in Sources */ = {isa = PBXBuildFile; fileRef = CBF3CB511FAD9C8600BCD276 /* TutorialViewController.swift */; };
		CBF3CB541FADF38D00BCD276 /* StampViewController.swift in Sources */ = {isa = PBXBuildFile; fileRef = CBF3CB531FADF38D00BCD276 /* StampViewController.swift */; };
/* End PBXBuildFile section */

/* Begin PBXFileReference section */
		0D94EA5454BD80C82E4EB816 /* Pods_papastamp.framework */ = {isa = PBXFileReference; explicitFileType = wrapper.framework; includeInIndex = 0; path = Pods_papastamp.framework; sourceTree = BUILT_PRODUCTS_DIR; };
		5E77482517A8B08472739748 /* Pods-papastamp.debug.xcconfig */ = {isa = PBXFileReference; includeInIndex = 1; lastKnownFileType = text.xcconfig; name = "Pods-papastamp.debug.xcconfig"; path = "Pods/Target Support Files/Pods-papastamp/Pods-papastamp.debug.xcconfig"; sourceTree = "<group>"; };
		8F6775FB4AA97AE69BB0E975 /* Pods-papastamp.release.xcconfig */ = {isa = PBXFileReference; includeInIndex = 1; lastKnownFileType = text.xcconfig; name = "Pods-papastamp.release.xcconfig"; path = "Pods/Target Support Files/Pods-papastamp/Pods-papastamp.release.xcconfig"; sourceTree = "<group>"; };
		CB2E549B1FAC92EA00EDFCD0 /* GoogleService-Info.plist */ = {isa = PBXFileReference; fileEncoding = 4; lastKnownFileType = text.plist.xml; path = "GoogleService-Info.plist"; sourceTree = "<group>"; };
		CB2E549D1FACE7A100EDFCD0 /* WebViewController.swift */ = {isa = PBXFileReference; lastKnownFileType = sourcecode.swift; path = WebViewController.swift; sourceTree = "<group>"; };
		CBA035721FACF2BA0002861D /* UserDefaultsManager.swift */ = {isa = PBXFileReference; lastKnownFileType = sourcecode.swift; path = UserDefaultsManager.swift; sourceTree = "<group>"; };
		CBF133E91FA8CDAF0060230F /* papastamp.app */ = {isa = PBXFileReference; explicitFileType = wrapper.application; includeInIndex = 0; path = papastamp.app; sourceTree = BUILT_PRODUCTS_DIR; };
		CBF133EC1FA8CDAF0060230F /* AppDelegate.swift */ = {isa = PBXFileReference; lastKnownFileType = sourcecode.swift; path = AppDelegate.swift; sourceTree = "<group>"; };
		CBF133EE1FA8CDAF0060230F /* LoginViewController.swift */ = {isa = PBXFileReference; lastKnownFileType = sourcecode.swift; path = LoginViewController.swift; sourceTree = "<group>"; };
		CBF133F11FA8CDAF0060230F /* Base */ = {isa = PBXFileReference; lastKnownFileType = file.storyboard; name = Base; path = Base.lproj/Main.storyboard; sourceTree = "<group>"; };
		CBF133F31FA8CDAF0060230F /* Assets.xcassets */ = {isa = PBXFileReference; lastKnownFileType = folder.assetcatalog; path = Assets.xcassets; sourceTree = "<group>"; };
		CBF133F61FA8CDAF0060230F /* Base */ = {isa = PBXFileReference; lastKnownFileType = file.storyboard; name = Base; path = Base.lproj/LaunchScreen.storyboard; sourceTree = "<group>"; };
		CBF133F81FA8CDAF0060230F /* Info.plist */ = {isa = PBXFileReference; lastKnownFileType = text.plist.xml; path = Info.plist; sourceTree = "<group>"; };
		CBF133FE1FA8D14F0060230F /* papastamp.entitlements */ = {isa = PBXFileReference; lastKnownFileType = text.plist.entitlements; path = papastamp.entitlements; sourceTree = "<group>"; };
		CBF3CB511FAD9C8600BCD276 /* TutorialViewController.swift */ = {isa = PBXFileReference; lastKnownFileType = sourcecode.swift; path = TutorialViewController.swift; sourceTree = "<group>"; };
		CBF3CB531FADF38D00BCD276 /* StampViewController.swift */ = {isa = PBXFileReference; lastKnownFileType = sourcecode.swift; path = StampViewController.swift; sourceTree = "<group>"; };
/* End PBXFileReference section */

/* Begin PBXFrameworksBuildPhase section */
		CBF133E61FA8CDAF0060230F /* Frameworks */ = {
			isa = PBXFrameworksBuildPhase;
			buildActionMask = 2147483647;
			files = (
				6213940F6F92FA92442CB06A /* Pods_papastamp.framework in Frameworks */,
			);
			runOnlyForDeploymentPostprocessing = 0;
		};
/* End PBXFrameworksBuildPhase section */

/* Begin PBXGroup section */
		134540BF865DEF49E1AF465D /* Pods */ = {
			isa = PBXGroup;
			children = (
				5E77482517A8B08472739748 /* Pods-papastamp.debug.xcconfig */,
				8F6775FB4AA97AE69BB0E975 /* Pods-papastamp.release.xcconfig */,
			);
			name = Pods;
			sourceTree = "<group>";
		};
		218450F5F91F78E351E4EFB9 /* Frameworks */ = {
			isa = PBXGroup;
			children = (
				0D94EA5454BD80C82E4EB816 /* Pods_papastamp.framework */,
			);
			name = Frameworks;
			sourceTree = "<group>";
		};
		CBF133E01FA8CDAF0060230F = {
			isa = PBXGroup;
			children = (
				CBF133EB1FA8CDAF0060230F /* papastamp */,
				CBF133EA1FA8CDAF0060230F /* Products */,
				134540BF865DEF49E1AF465D /* Pods */,
				218450F5F91F78E351E4EFB9 /* Frameworks */,
			);
			sourceTree = "<group>";
		};
		CBF133EA1FA8CDAF0060230F /* Products */ = {
			isa = PBXGroup;
			children = (
				CBF133E91FA8CDAF0060230F /* papastamp.app */,
			);
			name = Products;
			sourceTree = "<group>";
		};
		CBF133EB1FA8CDAF0060230F /* papastamp */ = {
			isa = PBXGroup;
			children = (
				CBF133FE1FA8D14F0060230F /* papastamp.entitlements */,
				CBA035721FACF2BA0002861D /* UserDefaultsManager.swift */,
				CBF133EC1FA8CDAF0060230F /* AppDelegate.swift */,
				CBF133EE1FA8CDAF0060230F /* LoginViewController.swift */,
				CB2E549D1FACE7A100EDFCD0 /* WebViewController.swift */,
				CBF3CB511FAD9C8600BCD276 /* TutorialViewController.swift */,
				CBF3CB531FADF38D00BCD276 /* StampViewController.swift */,
				CB2E549B1FAC92EA00EDFCD0 /* GoogleService-Info.plist */,
				CBF133F01FA8CDAF0060230F /* Main.storyboard */,
				CBF133F31FA8CDAF0060230F /* Assets.xcassets */,
				CBF133F51FA8CDAF0060230F /* LaunchScreen.storyboard */,
				CBF133F81FA8CDAF0060230F /* Info.plist */,
			);
			path = papastamp;
			sourceTree = "<group>";
		};
/* End PBXGroup section */

/* Begin PBXNativeTarget section */
		CBF133E81FA8CDAF0060230F /* papastamp */ = {
			isa = PBXNativeTarget;
			buildConfigurationList = CBF133FB1FA8CDAF0060230F /* Build configuration list for PBXNativeTarget "papastamp" */;
			buildPhases = (
				F14353C465D05B0A529E952C /* [CP] Check Pods Manifest.lock */,
				CBF133E51FA8CDAF0060230F /* Sources */,
				CBF133E61FA8CDAF0060230F /* Frameworks */,
				CBF133E71FA8CDAF0060230F /* Resources */,
				DEB5CE0FABC108B828E38D1F /* [CP] Embed Pods Frameworks */,
				F892006DBFD44F756913ABBD /* [CP] Copy Pods Resources */,
			);
			buildRules = (
			);
			dependencies = (
			);
			name = papastamp;
			productName = papastamp;
			productReference = CBF133E91FA8CDAF0060230F /* papastamp.app */;
			productType = "com.apple.product-type.application";
		};
/* End PBXNativeTarget section */

/* Begin PBXProject section */
		CBF133E11FA8CDAF0060230F /* Project object */ = {
			isa = PBXProject;
			attributes = {
				LastSwiftUpdateCheck = 0900;
				LastUpgradeCheck = 0900;
				ORGANIZATIONNAME = "김대현";
				TargetAttributes = {
					CBF133E81FA8CDAF0060230F = {
						CreatedOnToolsVersion = 9.0.1;
						ProvisioningStyle = Automatic;
						SystemCapabilities = {
							com.apple.BackgroundModes = {
								enabled = 1;
							};
							com.apple.Push = {
								enabled = 1;
							};
						};
					};
				};
			};
			buildConfigurationList = CBF133E41FA8CDAF0060230F /* Build configuration list for PBXProject "papastamp" */;
			compatibilityVersion = "Xcode 8.0";
			developmentRegion = en;
			hasScannedForEncodings = 0;
			knownRegions = (
				en,
				Base,
			);
			mainGroup = CBF133E01FA8CDAF0060230F;
			productRefGroup = CBF133EA1FA8CDAF0060230F /* Products */;
			projectDirPath = "";
			projectRoot = "";
			targets = (
				CBF133E81FA8CDAF0060230F /* papastamp */,
			);
		};
/* End PBXProject section */

/* Begin PBXResourcesBuildPhase section */
		CBF133E71FA8CDAF0060230F /* Resources */ = {
			isa = PBXResourcesBuildPhase;
			buildActionMask = 2147483647;
			files = (
				CBF133F71FA8CDAF0060230F /* LaunchScreen.storyboard in Resources */,
				CB2E549C1FAC92EA00EDFCD0 /* GoogleService-Info.plist in Resources */,
				CBF133F41FA8CDAF0060230F /* Assets.xcassets in Resources */,
				CBF133F21FA8CDAF0060230F /* Main.storyboard in Resources */,
			);
			runOnlyForDeploymentPostprocessing = 0;
		};
/* End PBXResourcesBuildPhase section */

/* Begin PBXShellScriptBuildPhase section */
		DEB5CE0FABC108B828E38D1F /* [CP] Embed Pods Frameworks */ = {
			isa = PBXShellScriptBuildPhase;
			buildActionMask = 2147483647;
			files = (
			);
			inputPaths = (
				"${SRCROOT}/Pods/Target Support Files/Pods-papastamp/Pods-papastamp-frameworks.sh",
				"${BUILT_PRODUCTS_DIR}/Alamofire/Alamofire.framework",
				"${BUILT_PRODUCTS_DIR}/AlamofireObjectMapper/AlamofireObjectMapper.framework",
				"${BUILT_PRODUCTS_DIR}/CryptoSwift/CryptoSwift.framework",
				"${BUILT_PRODUCTS_DIR}/EZAlertController/EZAlertController.framework",
				"${BUILT_PRODUCTS_DIR}/FCUUID/FCUUID.framework",
				"${BUILT_PRODUCTS_DIR}/GTMSessionFetcher/GTMSessionFetcher.framework",
				"${BUILT_PRODUCTS_DIR}/GoogleToolboxForMac/GoogleToolboxForMac.framework",
				"${BUILT_PRODUCTS_DIR}/ObjectMapper/ObjectMapper.framework",
				"${BUILT_PRODUCTS_DIR}/SVProgressHUD/SVProgressHUD.framework",
				"${BUILT_PRODUCTS_DIR}/SwiftyJSON/SwiftyJSON.framework",
				"${BUILT_PRODUCTS_DIR}/SwiftyUserDefaults/SwiftyUserDefaults.framework",
				"${BUILT_PRODUCTS_DIR}/UICKeyChainStore/UICKeyChainStore.framework",
				"${BUILT_PRODUCTS_DIR}/nanopb/nanopb.framework",
			);
			name = "[CP] Embed Pods Frameworks";
			outputPaths = (
				"${TARGET_BUILD_DIR}/${FRAMEWORKS_FOLDER_PATH}/Alamofire.framework",
				"${TARGET_BUILD_DIR}/${FRAMEWORKS_FOLDER_PATH}/AlamofireObjectMapper.framework",
				"${TARGET_BUILD_DIR}/${FRAMEWORKS_FOLDER_PATH}/CryptoSwift.framework",
				"${TARGET_BUILD_DIR}/${FRAMEWORKS_FOLDER_PATH}/EZAlertController.framework",
				"${TARGET_BUILD_DIR}/${FRAMEWORKS_FOLDER_PATH}/FCUUID.framework",
				"${TARGET_BUILD_DIR}/${FRAMEWORKS_FOLDER_PATH}/GTMSessionFetcher.framework",
				"${TARGET_BUILD_DIR}/${FRAMEWORKS_FOLDER_PATH}/GoogleToolboxForMac.framework",
				"${TARGET_BUILD_DIR}/${FRAMEWORKS_FOLDER_PATH}/ObjectMapper.framework",
				"${TARGET_BUILD_DIR}/${FRAMEWORKS_FOLDER_PATH}/SVProgressHUD.framework",
				"${TARGET_BUILD_DIR}/${FRAMEWORKS_FOLDER_PATH}/SwiftyJSON.framework",
				"${TARGET_BUILD_DIR}/${FRAMEWORKS_FOLDER_PATH}/SwiftyUserDefaults.framework",
				"${TARGET_BUILD_DIR}/${FRAMEWORKS_FOLDER_PATH}/UICKeyChainStore.framework",
				"${TARGET_BUILD_DIR}/${FRAMEWORKS_FOLDER_PATH}/nanopb.framework",
			);
			runOnlyForDeploymentPostprocessing = 0;
			shellPath = /bin/sh;
			shellScript = "\"${SRCROOT}/Pods/Target Support Files/Pods-papastamp/Pods-papastamp-frameworks.sh\"\n";
			showEnvVarsInLog = 0;
		};
		F14353C465D05B0A529E952C /* [CP] Check Pods Manifest.lock */ = {
			isa = PBXShellScriptBuildPhase;
			buildActionMask = 2147483647;
			files = (
			);
			inputPaths = (
				"${PODS_PODFILE_DIR_PATH}/Podfile.lock",
				"${PODS_ROOT}/Manifest.lock",
			);
			name = "[CP] Check Pods Manifest.lock";
			outputPaths = (
				"$(DERIVED_FILE_DIR)/Pods-papastamp-checkManifestLockResult.txt",
			);
			runOnlyForDeploymentPostprocessing = 0;
			shellPath = /bin/sh;
			shellScript = "diff \"${PODS_PODFILE_DIR_PATH}/Podfile.lock\" \"${PODS_ROOT}/Manifest.lock\" > /dev/null\nif [ $? != 0 ] ; then\n    # print error to STDERR\n    echo \"error: The sandbox is not in sync with the Podfile.lock. Run 'pod install' or update your CocoaPods installation.\" >&2\n    exit 1\nfi\n# This output is used by Xcode 'outputs' to avoid re-running this script phase.\necho \"SUCCESS\" > \"${SCRIPT_OUTPUT_FILE_0}\"\n";
			showEnvVarsInLog = 0;
		};
		F892006DBFD44F756913ABBD /* [CP] Copy Pods Resources */ = {
			isa = PBXShellScriptBuildPhase;
			buildActionMask = 2147483647;
			files = (
			);
			inputPaths = (
			);
			name = "[CP] Copy Pods Resources";
			outputPaths = (
			);
			runOnlyForDeploymentPostprocessing = 0;
			shellPath = /bin/sh;
			shellScript = "\"${SRCROOT}/Pods/Target Support Files/Pods-papastamp/Pods-papastamp-resources.sh\"\n";
			showEnvVarsInLog = 0;
		};
/* End PBXShellScriptBuildPhase section */

/* Begin PBXSourcesBuildPhase section */
		CBF133E51FA8CDAF0060230F /* Sources */ = {
			isa = PBXSourcesBuildPhase;
			buildActionMask = 2147483647;
			files = (
				CBF3CB541FADF38D00BCD276 /* StampViewController.swift in Sources */,
				CBF133EF1FA8CDAF0060230F /* LoginViewController.swift in Sources */,
				CB2E549E1FACE7A100EDFCD0 /* WebViewController.swift in Sources */,
				CBF3CB521FAD9C8700BCD276 /* TutorialViewController.swift in Sources */,
				CBA035731FACF2BA0002861D /* UserDefaultsManager.swift in Sources */,
				CBF133ED1FA8CDAF0060230F /* AppDelegate.swift in Sources */,
			);
			runOnlyForDeploymentPostprocessing = 0;
		};
/* End PBXSourcesBuildPhase section */

/* Begin PBXVariantGroup section */
		CBF133F01FA8CDAF0060230F /* Main.storyboard */ = {
			isa = PBXVariantGroup;
			children = (
				CBF133F11FA8CDAF0060230F /* Base */,
			);
			name = Main.storyboard;
			sourceTree = "<group>";
		};
		CBF133F51FA8CDAF0060230F /* LaunchScreen.storyboard */ = {
			isa = PBXVariantGroup;
			children = (
				CBF133F61FA8CDAF0060230F /* Base */,
			);
			name = LaunchScreen.storyboard;
			sourceTree = "<group>";
		};
/* End PBXVariantGroup section */

/* Begin XCBuildConfiguration section */
		CBF133F91FA8CDAF0060230F /* Debug */ = {
			isa = XCBuildConfiguration;
			buildSettings = {
				ALWAYS_SEARCH_USER_PATHS = NO;
				CLANG_ANALYZER_NONNULL = YES;
				CLANG_ANALYZER_NUMBER_OBJECT_CONVERSION = YES_AGGRESSIVE;
				CLANG_CXX_LANGUAGE_STANDARD = "gnu++14";
				CLANG_CXX_LIBRARY = "libc++";
				CLANG_ENABLE_MODULES = YES;
				CLANG_ENABLE_OBJC_ARC = YES;
				CLANG_WARN_BLOCK_CAPTURE_AUTORELEASING = YES;
				CLANG_WARN_BOOL_CONVERSION = YES;
				CLANG_WARN_COMMA = YES;
				CLANG_WARN_CONSTANT_CONVERSION = YES;
				CLANG_WARN_DIRECT_OBJC_ISA_USAGE = YES_ERROR;
				CLANG_WARN_DOCUMENTATION_COMMENTS = YES;
				CLANG_WARN_EMPTY_BODY = YES;
				CLANG_WARN_ENUM_CONVERSION = YES;
				CLANG_WARN_INFINITE_RECURSION = YES;
				CLANG_WARN_INT_CONVERSION = YES;
				CLANG_WARN_NON_LITERAL_NULL_CONVERSION = YES;
				CLANG_WARN_OBJC_LITERAL_CONVERSION = YES;
				CLANG_WARN_OBJC_ROOT_CLASS = YES_ERROR;
				CLANG_WARN_RANGE_LOOP_ANALYSIS = YES;
				CLANG_WARN_STRICT_PROTOTYPES = YES;
				CLANG_WARN_SUSPICIOUS_MOVE = YES;
				CLANG_WARN_UNGUARDED_AVAILABILITY = YES_AGGRESSIVE;
				CLANG_WARN_UNREACHABLE_CODE = YES;
				CLANG_WARN__DUPLICATE_METHOD_MATCH = YES;
				CODE_SIGN_IDENTITY = "iPhone Developer";
				COPY_PHASE_STRIP = NO;
				DEBUG_INFORMATION_FORMAT = dwarf;
				ENABLE_STRICT_OBJC_MSGSEND = YES;
				ENABLE_TESTABILITY = YES;
				GCC_C_LANGUAGE_STANDARD = gnu11;
				GCC_DYNAMIC_NO_PIC = NO;
				GCC_NO_COMMON_BLOCKS = YES;
				GCC_OPTIMIZATION_LEVEL = 0;
				GCC_PREPROCESSOR_DEFINITIONS = (
					"DEBUG=1",
					"$(inherited)",
				);
				GCC_WARN_64_TO_32_BIT_CONVERSION = YES;
				GCC_WARN_ABOUT_RETURN_TYPE = YES_ERROR;
				GCC_WARN_UNDECLARED_SELECTOR = YES;
				GCC_WARN_UNINITIALIZED_AUTOS = YES_AGGRESSIVE;
				GCC_WARN_UNUSED_FUNCTION = YES;
				GCC_WARN_UNUSED_VARIABLE = YES;
				IPHONEOS_DEPLOYMENT_TARGET = 11.0;
				MTL_ENABLE_DEBUG_INFO = YES;
				ONLY_ACTIVE_ARCH = YES;
				SDKROOT = iphoneos;
				SWIFT_ACTIVE_COMPILATION_CONDITIONS = DEBUG;
				SWIFT_OPTIMIZATION_LEVEL = "-Onone";
			};
			name = Debug;
		};
		CBF133FA1FA8CDAF0060230F /* Release */ = {
			isa = XCBuildConfiguration;
			buildSettings = {
				ALWAYS_SEARCH_USER_PATHS = NO;
				CLANG_ANALYZER_NONNULL = YES;
				CLANG_ANALYZER_NUMBER_OBJECT_CONVERSION = YES_AGGRESSIVE;
				CLANG_CXX_LANGUAGE_STANDARD = "gnu++14";
				CLANG_CXX_LIBRARY = "libc++";
				CLANG_ENABLE_MODULES = YES;
				CLANG_ENABLE_OBJC_ARC = YES;
				CLANG_WARN_BLOCK_CAPTURE_AUTORELEASING = YES;
				CLANG_WARN_BOOL_CONVERSION = YES;
				CLANG_WARN_COMMA = YES;
				CLANG_WARN_CONSTANT_CONVERSION = YES;
				CLANG_WARN_DIRECT_OBJC_ISA_USAGE = YES_ERROR;
				CLANG_WARN_DOCUMENTATION_COMMENTS = YES;
				CLANG_WARN_EMPTY_BODY = YES;
				CLANG_WARN_ENUM_CONVERSION = YES;
				CLANG_WARN_INFINITE_RECURSION = YES;
				CLANG_WARN_INT_CONVERSION = YES;
				CLANG_WARN_NON_LITERAL_NULL_CONVERSION = YES;
				CLANG_WARN_OBJC_LITERAL_CONVERSION = YES;
				CLANG_WARN_OBJC_ROOT_CLASS = YES_ERROR;
				CLANG_WARN_RANGE_LOOP_ANALYSIS = YES;
				CLANG_WARN_STRICT_PROTOTYPES = YES;
				CLANG_WARN_SUSPICIOUS_MOVE = YES;
				CLANG_WARN_UNGUARDED_AVAILABILITY = YES_AGGRESSIVE;
				CLANG_WARN_UNREACHABLE_CODE = YES;
				CLANG_WARN__DUPLICATE_METHOD_MATCH = YES;
				CODE_SIGN_IDENTITY = "iPhone Developer";
				COPY_PHASE_STRIP = NO;
				DEBUG_INFORMATION_FORMAT = "dwarf-with-dsym";
				ENABLE_NS_ASSERTIONS = NO;
				ENABLE_STRICT_OBJC_MSGSEND = YES;
				GCC_C_LANGUAGE_STANDARD = gnu11;
				GCC_NO_COMMON_BLOCKS = YES;
				GCC_WARN_64_TO_32_BIT_CONVERSION = YES;
				GCC_WARN_ABOUT_RETURN_TYPE = YES_ERROR;
				GCC_WARN_UNDECLARED_SELECTOR = YES;
				GCC_WARN_UNINITIALIZED_AUTOS = YES_AGGRESSIVE;
				GCC_WARN_UNUSED_FUNCTION = YES;
				GCC_WARN_UNUSED_VARIABLE = YES;
				IPHONEOS_DEPLOYMENT_TARGET = 11.0;
				MTL_ENABLE_DEBUG_INFO = NO;
				SDKROOT = iphoneos;
				SWIFT_OPTIMIZATION_LEVEL = "-Owholemodule";
				VALIDATE_PRODUCT = YES;
			};
			name = Release;
		};
		CBF133FC1FA8CDAF0060230F /* Debug */ = {
			isa = XCBuildConfiguration;
			baseConfigurationReference = 5E77482517A8B08472739748 /* Pods-papastamp.debug.xcconfig */;
			buildSettings = {
				ASSETCATALOG_COMPILER_APPICON_NAME = AppIcon;
				CODE_SIGN_ENTITLEMENTS = papastamp/papastamp.entitlements;
				CODE_SIGN_STYLE = Automatic;
				DEVELOPMENT_TEAM = R39434X7J7;
				INFOPLIST_FILE = papastamp/Info.plist;
				IPHONEOS_DEPLOYMENT_TARGET = 10.0;
				LD_RUNPATH_SEARCH_PATHS = "$(inherited) @executable_path/Frameworks";
				PRODUCT_BUNDLE_IDENTIFIER = com.subin.papastamp;
				PRODUCT_NAME = "$(TARGET_NAME)";
				SWIFT_VERSION = 4.0;
				TARGETED_DEVICE_FAMILY = "1,2";
			};
			name = Debug;
		};
		CBF133FD1FA8CDAF0060230F /* Release */ = {
			isa = XCBuildConfiguration;
			baseConfigurationReference = 8F6775FB4AA97AE69BB0E975 /* Pods-papastamp.release.xcconfig */;
			buildSettings = {
				ASSETCATALOG_COMPILER_APPICON_NAME = AppIcon;
				CODE_SIGN_ENTITLEMENTS = papastamp/papastamp.entitlements;
				CODE_SIGN_STYLE = Automatic;
				DEVELOPMENT_TEAM = R39434X7J7;
				INFOPLIST_FILE = papastamp/Info.plist;
				IPHONEOS_DEPLOYMENT_TARGET = 10.0;
				LD_RUNPATH_SEARCH_PATHS = "$(inherited) @executable_path/Frameworks";
				PRODUCT_BUNDLE_IDENTIFIER = com.subin.papastamp;
				PRODUCT_NAME = "$(TARGET_NAME)";
				SWIFT_VERSION = 4.0;
				TARGETED_DEVICE_FAMILY = "1,2";
			};
			name = Release;
		};
/* End XCBuildConfiguration section */

/* Begin XCConfigurationList section */
		CBF133E41FA8CDAF0060230F /* Build configuration list for PBXProject "papastamp" */ = {
			isa = XCConfigurationList;
			buildConfigurations = (
				CBF133F91FA8CDAF0060230F /* Debug */,
				CBF133FA1FA8CDAF0060230F /* Release */,
			);
			defaultConfigurationIsVisible = 0;
			defaultConfigurationName = Release;
		};
		CBF133FB1FA8CDAF0060230F /* Build configuration list for PBXNativeTarget "papastamp" */ = {
			isa = XCConfigurationList;
			buildConfigurations = (
				CBF133FC1FA8CDAF0060230F /* Debug */,
				CBF133FD1FA8CDAF0060230F /* Release */,
			);
			defaultConfigurationIsVisible = 0;
			defaultConfigurationName = Release;
		};
/* End XCConfigurationList section */
	};
	rootObject = CBF133E11FA8CDAF0060230F /* Project object */;
}
